// !$*UTF8*$!
{
	archiveVersion = 1;
	classes = {
	};
	objectVersion = 50;
	objects = {

/* Begin PBXBuildFile section */
		651AC62226844F58007323F0 /* AppDelegate.swift in Sources */ = {isa = PBXBuildFile; fileRef = 651AC62126844F58007323F0 /* AppDelegate.swift */; };
		651AC62426844F58007323F0 /* SceneDelegate.swift in Sources */ = {isa = PBXBuildFile; fileRef = 651AC62326844F58007323F0 /* SceneDelegate.swift */; };
		651AC62626844F58007323F0 /* ViewController.swift in Sources */ = {isa = PBXBuildFile; fileRef = 651AC62526844F58007323F0 /* ViewController.swift */; };
		651AC62926844F58007323F0 /* Main.storyboard in Resources */ = {isa = PBXBuildFile; fileRef = 651AC62726844F58007323F0 /* Main.storyboard */; };
		651AC62B26844F58007323F0 /* Assets.xcassets in Resources */ = {isa = PBXBuildFile; fileRef = 651AC62A26844F58007323F0 /* Assets.xcassets */; };
		651AC62E26844F58007323F0 /* LaunchScreen.storyboard in Resources */ = {isa = PBXBuildFile; fileRef = 651AC62C26844F58007323F0 /* LaunchScreen.storyboard */; };
		65AFAF5526846AD000D65310 /* UIImage+.swift in Sources */ = {isa = PBXBuildFile; fileRef = 65AFAF5426846AD000D65310 /* UIImage+.swift */; };
		65AFAF5926846F6600D65310 /* MPIrisTracker.framework in Frameworks */ = {isa = PBXBuildFile; fileRef = 65AFAF5726846F6200D65310 /* MPIrisTracker.framework */; };
		65AFAF5A26846F6600D65310 /* MPIrisTracker.framework in Embed Frameworks */ = {isa = PBXBuildFile; fileRef = 65AFAF5726846F6200D65310 /* MPIrisTracker.framework */; settings = {ATTRIBUTES = (CodeSignOnCopy, RemoveHeadersOnCopy, ); }; };
/* End PBXBuildFile section */

/* Begin PBXCopyFilesBuildPhase section */
		65AFAF5B26846F6600D65310 /* Embed Frameworks */ = {
			isa = PBXCopyFilesBuildPhase;
			buildActionMask = 2147483647;
			dstPath = "";
			dstSubfolderSpec = 10;
			files = (
				65AFAF5A26846F6600D65310 /* MPIrisTracker.framework in Embed Frameworks */,
			);
			name = "Embed Frameworks";
			runOnlyForDeploymentPostprocessing = 0;
		};
/* End PBXCopyFilesBuildPhase section */

/* Begin PBXFileReference section */
		651AC61E26844F58007323F0 /* irisTracker.app */ = {isa = PBXFileReference; explicitFileType = wrapper.application; includeInIndex = 0; path = irisTracker.app; sourceTree = BUILT_PRODUCTS_DIR; };
		651AC62126844F58007323F0 /* AppDelegate.swift */ = {isa = PBXFileReference; lastKnownFileType = sourcecode.swift; path = AppDelegate.swift; sourceTree = "<group>"; };
		651AC62326844F58007323F0 /* SceneDelegate.swift */ = {isa = PBXFileReference; lastKnownFileType = sourcecode.swift; path = SceneDelegate.swift; sourceTree = "<group>"; };
		651AC62526844F58007323F0 /* ViewController.swift */ = {isa = PBXFileReference; lastKnownFileType = sourcecode.swift; path = ViewController.swift; sourceTree = "<group>"; };
		651AC62826844F58007323F0 /* Base */ = {isa = PBXFileReference; lastKnownFileType = file.storyboard; name = Base; path = Base.lproj/Main.storyboard; sourceTree = "<group>"; };
		651AC62A26844F58007323F0 /* Assets.xcassets */ = {isa = PBXFileReference; lastKnownFileType = folder.assetcatalog; path = Assets.xcassets; sourceTree = "<group>"; };
		651AC62D26844F58007323F0 /* Base */ = {isa = PBXFileReference; lastKnownFileType = file.storyboard; name = Base; path = Base.lproj/LaunchScreen.storyboard; sourceTree = "<group>"; };
		651AC62F26844F58007323F0 /* Info.plist */ = {isa = PBXFileReference; lastKnownFileType = text.plist.xml; path = Info.plist; sourceTree = "<group>"; };
		65AFAF51268466D000D65310 /* irisTracker-Bridging-Header.h */ = {isa = PBXFileReference; lastKnownFileType = sourcecode.c.h; path = "irisTracker-Bridging-Header.h"; sourceTree = "<group>"; };
		65AFAF5426846AD000D65310 /* UIImage+.swift */ = {isa = PBXFileReference; lastKnownFileType = sourcecode.swift; path = "UIImage+.swift"; sourceTree = "<group>"; };
		65AFAF5726846F6200D65310 /* MPIrisTracker.framework */ = {isa = PBXFileReference; lastKnownFileType = wrapper.framework; path = MPIrisTracker.framework; sourceTree = "<group>"; };
/* End PBXFileReference section */

/* Begin PBXFrameworksBuildPhase section */
		651AC61B26844F58007323F0 /* Frameworks */ = {
			isa = PBXFrameworksBuildPhase;
			buildActionMask = 2147483647;
			files = (
				65AFAF5926846F6600D65310 /* MPIrisTracker.framework in Frameworks */,
			);
			runOnlyForDeploymentPostprocessing = 0;
		};
/* End PBXFrameworksBuildPhase section */

/* Begin PBXGroup section */
		651AC61526844F58007323F0 = {
			isa = PBXGroup;
			children = (
				651AC62026844F58007323F0 /* irisTracker */,
				651AC63526844F5F007323F0 /* Framework */,
				651AC61F26844F58007323F0 /* Products */,
			);
			sourceTree = "<group>";
		};
		651AC61F26844F58007323F0 /* Products */ = {
			isa = PBXGroup;
			children = (
				651AC61E26844F58007323F0 /* irisTracker.app */,
			);
			name = Products;
			sourceTree = "<group>";
		};
		651AC62026844F58007323F0 /* irisTracker */ = {
			isa = PBXGroup;
			children = (
				651AC62126844F58007323F0 /* AppDelegate.swift */,
				651AC62326844F58007323F0 /* SceneDelegate.swift */,
				651AC62526844F58007323F0 /* ViewController.swift */,
				651AC62726844F58007323F0 /* Main.storyboard */,
				651AC62A26844F58007323F0 /* Assets.xcassets */,
				651AC62C26844F58007323F0 /* LaunchScreen.storyboard */,
				651AC62F26844F58007323F0 /* Info.plist */,
				65AFAF51268466D000D65310 /* irisTracker-Bridging-Header.h */,
				65AFAF5426846AD000D65310 /* UIImage+.swift */,
			);
			path = irisTracker;
			sourceTree = "<group>";
		};
		651AC63526844F5F007323F0 /* Framework */ = {
			isa = PBXGroup;
			children = (
				65AFAF5726846F6200D65310 /* MPIrisTracker.framework */,
			);
			path = Framework;
			sourceTree = "<group>";
		};
/* End PBXGroup section */

/* Begin PBXNativeTarget section */
		651AC61D26844F58007323F0 /* irisTracker */ = {
			isa = PBXNativeTarget;
			buildConfigurationList = 651AC63226844F58007323F0 /* Build configuration list for PBXNativeTarget "irisTracker" */;
			buildPhases = (
				651AC61A26844F58007323F0 /* Sources */,
				651AC61B26844F58007323F0 /* Frameworks */,
				651AC61C26844F58007323F0 /* Resources */,
				65AFAF5B26846F6600D65310 /* Embed Frameworks */,
			);
			buildRules = (
			);
			dependencies = (
			);
			name = irisTracker;
			productName = irisTracker;
			productReference = 651AC61E26844F58007323F0 /* irisTracker.app */;
			productType = "com.apple.product-type.application";
		};
/* End PBXNativeTarget section */

/* Begin PBXProject section */
		651AC61626844F58007323F0 /* Project object */ = {
			isa = PBXProject;
			attributes = {
				LastSwiftUpdateCheck = 1250;
				LastUpgradeCheck = 1250;
				TargetAttributes = {
					651AC61D26844F58007323F0 = {
						CreatedOnToolsVersion = 12.5.1;
						LastSwiftMigration = 1250;
					};
				};
			};
			buildConfigurationList = 651AC61926844F58007323F0 /* Build configuration list for PBXProject "irisTracker" */;
			compatibilityVersion = "Xcode 9.3";
			developmentRegion = en;
			hasScannedForEncodings = 0;
			knownRegions = (
				en,
				Base,
			);
			mainGroup = 651AC61526844F58007323F0;
			productRefGroup = 651AC61F26844F58007323F0 /* Products */;
			projectDirPath = "";
			projectRoot = "";
			targets = (
				651AC61D26844F58007323F0 /* irisTracker */,
			);
		};
/* End PBXProject section */

/* Begin PBXResourcesBuildPhase section */
		651AC61C26844F58007323F0 /* Resources */ = {
			isa = PBXResourcesBuildPhase;
			buildActionMask = 2147483647;
			files = (
				651AC62E26844F58007323F0 /* LaunchScreen.storyboard in Resources */,
				651AC62B26844F58007323F0 /* Assets.xcassets in Resources */,
				651AC62926844F58007323F0 /* Main.storyboard in Resources */,
			);
			runOnlyForDeploymentPostprocessing = 0;
		};
/* End PBXResourcesBuildPhase section */

/* Begin PBXSourcesBuildPhase section */
		651AC61A26844F58007323F0 /* Sources */ = {
			isa = PBXSourcesBuildPhase;
			buildActionMask = 2147483647;
			files = (
				651AC62626844F58007323F0 /* ViewController.swift in Sources */,
				65AFAF5526846AD000D65310 /* UIImage+.swift in Sources */,
				651AC62226844F58007323F0 /* AppDelegate.swift in Sources */,
				651AC62426844F58007323F0 /* SceneDelegate.swift in Sources */,
			);
			runOnlyForDeploymentPostprocessing = 0;
		};
/* End PBXSourcesBuildPhase section */

/* Begin PBXVariantGroup section */
		651AC62726844F58007323F0 /* Main.storyboard */ = {
			isa = PBXVariantGroup;
			children = (
				651AC62826844F58007323F0 /* Base */,
			);
			name = Main.storyboard;
			sourceTree = "<group>";
		};
		651AC62C26844F58007323F0 /* LaunchScreen.storyboard */ = {
			isa = PBXVariantGroup;
			children = (
				651AC62D26844F58007323F0 /* Base */,
			);
			name = LaunchScreen.storyboard;
			sourceTree = "<group>";
		};
/* End PBXVariantGroup section */

/* Begin XCBuildConfiguration section */
		651AC63026844F58007323F0 /* Debug */ = {
			isa = XCBuildConfiguration;
			buildSettings = {
				ALWAYS_SEARCH_USER_PATHS = NO;
				CLANG_ANALYZER_NONNULL = YES;
				CLANG_ANALYZER_NUMBER_OBJECT_CONVERSION = YES_AGGRESSIVE;
				CLANG_CXX_LANGUAGE_STANDARD = "gnu++14";
				CLANG_CXX_LIBRARY = "libc++";
				CLANG_ENABLE_MODULES = YES;
				CLANG_ENABLE_OBJC_ARC = YES;
				CLANG_ENABLE_OBJC_WEAK = YES;
				CLANG_WARN_BLOCK_CAPTURE_AUTORELEASING = YES;
				CLANG_WARN_BOOL_CONVERSION = YES;
				CLANG_WARN_COMMA = YES;
				CLANG_WARN_CONSTANT_CONVERSION = YES;
				CLANG_WARN_DEPRECATED_OBJC_IMPLEMENTATIONS = YES;
				CLANG_WARN_DIRECT_OBJC_ISA_USAGE = YES_ERROR;
				CLANG_WARN_DOCUMENTATION_COMMENTS = YES;
				CLANG_WARN_EMPTY_BODY = YES;
				CLANG_WARN_ENUM_CONVERSION = YES;
				CLANG_WARN_INFINITE_RECURSION = YES;
				CLANG_WARN_INT_CONVERSION = YES;
				CLANG_WARN_NON_LITERAL_NULL_CONVERSION = YES;
				CLANG_WARN_OBJC_IMPLICIT_RETAIN_SELF = YES;
				CLANG_WARN_OBJC_LITERAL_CONVERSION = YES;
				CLANG_WARN_OBJC_ROOT_CLASS = YES_ERROR;
				CLANG_WARN_QUOTED_INCLUDE_IN_FRAMEWORK_HEADER = YES;
				CLANG_WARN_RANGE_LOOP_ANALYSIS = YES;
				CLANG_WARN_STRICT_PROTOTYPES = YES;
				CLANG_WARN_SUSPICIOUS_MOVE = YES;
				CLANG_WARN_UNGUARDED_AVAILABILITY = YES_AGGRESSIVE;
				CLANG_WARN_UNREACHABLE_CODE = YES;
				CLANG_WARN__DUPLICATE_METHOD_MATCH = YES;
				COPY_PHASE_STRIP = NO;
				DEBUG_INFORMATION_FORMAT = dwarf;
				ENABLE_STRICT_OBJC_MSGSEND = YES;
				ENABLE_TESTABILITY = YES;
				GCC_C_LANGUAGE_STANDARD = gnu11;
				GCC_DYNAMIC_NO_PIC = NO;
				GCC_NO_COMMON_BLOCKS = YES;
				GCC_OPTIMIZATION_LEVEL = 0;
				GCC_PREPROCESSOR_DEFINITIONS = (
					"DEBUG=1",
					"$(inherited)",
				);
				GCC_WARN_64_TO_32_BIT_CONVERSION = YES;
				GCC_WARN_ABOUT_RETURN_TYPE = YES_ERROR;
				GCC_WARN_UNDECLARED_SELECTOR = YES;
				GCC_WARN_UNINITIALIZED_AUTOS = YES_AGGRESSIVE;
				GCC_WARN_UNUSED_FUNCTION = YES;
				GCC_WARN_UNUSED_VARIABLE = YES;
				IPHONEOS_DEPLOYMENT_TARGET = 14.5;
				MTL_ENABLE_DEBUG_INFO = INCLUDE_SOURCE;
				MTL_FAST_MATH = YES;
				ONLY_ACTIVE_ARCH = YES;
				SDKROOT = iphoneos;
				SWIFT_ACTIVE_COMPILATION_CONDITIONS = DEBUG;
				SWIFT_OPTIMIZATION_LEVEL = "-Onone";
			};
			name = Debug;
		};
		651AC63126844F58007323F0 /* Release */ = {
			isa = XCBuildConfiguration;
			buildSettings = {
				ALWAYS_SEARCH_USER_PATHS = NO;
				CLANG_ANALYZER_NONNULL = YES;
				CLANG_ANALYZER_NUMBER_OBJECT_CONVERSION = YES_AGGRESSIVE;
				CLANG_CXX_LANGUAGE_STANDARD = "gnu++14";
				CLANG_CXX_LIBRARY = "libc++";
				CLANG_ENABLE_MODULES = YES;
				CLANG_ENABLE_OBJC_ARC = YES;
				CLANG_ENABLE_OBJC_WEAK = YES;
				CLANG_WARN_BLOCK_CAPTURE_AUTORELEASING = YES;
				CLANG_WARN_BOOL_CONVERSION = YES;
				CLANG_WARN_COMMA = YES;
				CLANG_WARN_CONSTANT_CONVERSION = YES;
				CLANG_WARN_DEPRECATED_OBJC_IMPLEMENTATIONS = YES;
				CLANG_WARN_DIRECT_OBJC_ISA_USAGE = YES_ERROR;
				CLANG_WARN_DOCUMENTATION_COMMENTS = YES;
				CLANG_WARN_EMPTY_BODY = YES;
				CLANG_WARN_ENUM_CONVERSION = YES;
				CLANG_WARN_INFINITE_RECURSION = YES;
				CLANG_WARN_INT_CONVERSION = YES;
				CLANG_WARN_NON_LITERAL_NULL_CONVERSION = YES;
				CLANG_WARN_OBJC_IMPLICIT_RETAIN_SELF = YES;
				CLANG_WARN_OBJC_LITERAL_CONVERSION = YES;
				CLANG_WARN_OBJC_ROOT_CLASS = YES_ERROR;
				CLANG_WARN_QUOTED_INCLUDE_IN_FRAMEWORK_HEADER = YES;
				CLANG_WARN_RANGE_LOOP_ANALYSIS = YES;
				CLANG_WARN_STRICT_PROTOTYPES = YES;
				CLANG_WARN_SUSPICIOUS_MOVE = YES;
				CLANG_WARN_UNGUARDED_AVAILABILITY = YES_AGGRESSIVE;
				CLANG_WARN_UNREACHABLE_CODE = YES;
				CLANG_WARN__DUPLICATE_METHOD_MATCH = YES;
				COPY_PHASE_STRIP = NO;
				DEBUG_INFORMATION_FORMAT = "dwarf-with-dsym";
				ENABLE_NS_ASSERTIONS = NO;
				ENABLE_STRICT_OBJC_MSGSEND = YES;
				GCC_C_LANGUAGE_STANDARD = gnu11;
				GCC_NO_COMMON_BLOCKS = YES;
				GCC_WARN_64_TO_32_BIT_CONVERSION = YES;
				GCC_WARN_ABOUT_RETURN_TYPE = YES_ERROR;
				GCC_WARN_UNDECLARED_SELECTOR = YES;
				GCC_WARN_UNINITIALIZED_AUTOS = YES_AGGRESSIVE;
				GCC_WARN_UNUSED_FUNCTION = YES;
				GCC_WARN_UNUSED_VARIABLE = YES;
				IPHONEOS_DEPLOYMENT_TARGET = 14.5;
				MTL_ENABLE_DEBUG_INFO = NO;
				MTL_FAST_MATH = YES;
				SDKROOT = iphoneos;
				SWIFT_COMPILATION_MODE = wholemodule;
				SWIFT_OPTIMIZATION_LEVEL = "-O";
				VALIDATE_PRODUCT = YES;
			};
			name = Release;
		};
		651AC63326844F58007323F0 /* Debug */ = {
			isa = XCBuildConfiguration;
			buildSettings = {
				ASSETCATALOG_COMPILER_APPICON_NAME = AppIcon;
				ASSETCATALOG_COMPILER_GLOBAL_ACCENT_COLOR_NAME = AccentColor;
				CLANG_ENABLE_MODULES = YES;
				CODE_SIGN_ENTITLEMENTS = "";
				CODE_SIGN_STYLE = Automatic;
				DEVELOPMENT_TEAM = 2P44D5B93M;
				ENABLE_BITCODE = NO;
				FRAMEWORK_SEARCH_PATHS = (
					"$(inherited)",
					"$(PROJECT_DIR)/Framework",
				);
				INFOPLIST_FILE = irisTracker/Info.plist;
				LD_RUNPATH_SEARCH_PATHS = (
					"$(inherited)",
					"@executable_path/Frameworks",
				);
				PRODUCT_BUNDLE_IDENTIFIER = jp.tommy.irisTracker;
				PRODUCT_NAME = "$(TARGET_NAME)";
				SUPPORTS_MACCATALYST = NO;
				SWIFT_OBJC_BRIDGING_HEADER = "irisTracker/irisTracker-Bridging-Header.h";
				SWIFT_OPTIMIZATION_LEVEL = "-Onone";
				SWIFT_VERSION = 5.0;
				TARGETED_DEVICE_FAMILY = "1,2";
			};
			name = Debug;
		};
		651AC63426844F58007323F0 /* Release */ = {
			isa = XCBuildConfiguration;
			buildSettings = {
				ASSETCATALOG_COMPILER_APPICON_NAME = AppIcon;
				ASSETCATALOG_COMPILER_GLOBAL_ACCENT_COLOR_NAME = AccentColor;
				CLANG_ENABLE_MODULES = YES;
				CODE_SIGN_ENTITLEMENTS = "";
				CODE_SIGN_STYLE = Automatic;
				DEVELOPMENT_TEAM = 2P44D5B93M;
				ENABLE_BITCODE = NO;
				FRAMEWORK_SEARCH_PATHS = (
					"$(inherited)",
					"$(PROJECT_DIR)/Framework",
				);
				INFOPLIST_FILE = irisTracker/Info.plist;
				LD_RUNPATH_SEARCH_PATHS = (
					"$(inherited)",
					"@executable_path/Frameworks",
				);
				PRODUCT_BUNDLE_IDENTIFIER = jp.tommy.irisTracker;
				PRODUCT_NAME = "$(TARGET_NAME)";
				SUPPORTS_MACCATALYST = NO;
				SWIFT_OBJC_BRIDGING_HEADER = "irisTracker/irisTracker-Bridging-Header.h";
				SWIFT_VERSION = 5.0;
				TARGETED_DEVICE_FAMILY = "1,2";
			};
			name = Release;
		};
/* End XCBuildConfiguration section */

/* Begin XCConfigurationList section */
		651AC61926844F58007323F0 /* Build configuration list for PBXProject "irisTracker" */ = {
			isa = XCConfigurationList;
			buildConfigurations = (
				651AC63026844F58007323F0 /* Debug */,
				651AC63126844F58007323F0 /* Release */,
			);
			defaultConfigurationIsVisible = 0;
			defaultConfigurationName = Release;
		};
		651AC63226844F58007323F0 /* Build configuration list for PBXNativeTarget "irisTracker" */ = {
			isa = XCConfigurationList;
			buildConfigurations = (
				651AC63326844F58007323F0 /* Debug */,
				651AC63426844F58007323F0 /* Release */,
			);
			defaultConfigurationIsVisible = 0;
			defaultConfigurationName = Release;
		};
/* End XCConfigurationList section */
	};
	rootObject = 651AC61626844F58007323F0 /* Project object */;
}
